
Microsoft Visual Studio Solution File, Format Version 12.00
# Visual Studio Version 16
VisualStudioVersion = 16.0.31005.135
MinimumVisualStudioVersion = 10.0.40219.1
Project("{FAE04EC0-301F-11D3-BF4B-00C04F79EFBC}") = "Airbnb", "Airbnb.csproj", "{64E1DA69-EDD4-43B6-862E-4BB877D32B9D}"
EndProject
Global
	GlobalSection(SolutionConfigurationPlatforms) = preSolution
		Debug|Any CPU = Debug|Any CPU
		Release|Any CPU = Release|Any CPU
	EndGlobalSection
	GlobalSection(ProjectConfigurationPlatforms) = postSolution
		{64E1DA69-EDD4-43B6-862E-4BB877D32B9D}.Debug|Any CPU.ActiveCfg = Debug|Any CPU
		{64E1DA69-EDD4-43B6-862E-4BB877D32B9D}.Debug|Any CPU.Build.0 = Debug|Any CPU
		{64E1DA69-EDD4-43B6-862E-4BB877D32B9D}.Release|Any CPU.ActiveCfg = Release|Any CPU
		{64E1DA69-EDD4-43B6-862E-4BB877D32B9D}.Release|Any CPU.Build.0 = Release|Any CPU
	EndGlobalSection
	GlobalSection(SolutionProperties) = preSolution
		HideSolutionNode = FALSE
	EndGlobalSection
	GlobalSection(ExtensibilityGlobals) = postSolution
		SolutionGuid = {BA0D9CDD-1886-416A-8F58-F33D80DBDD0B}
	EndGlobalSection
EndGlobal
